
Microsoft Visual Studio Solution File, Format Version 12.00
# Visual Studio Version 16
VisualStudioVersion = 16.0.29519.87
MinimumVisualStudioVersion = 10.0.40219.1
Project("{FAE04EC0-301F-11D3-BF4B-00C04F79EFBC}") = "spbusTerminal", "spbusTerminal\spbusTerminal.csproj", "{761B56FA-0865-473A-80BA-2055BEADC95C}"
EndProject
Global
	GlobalSection(SolutionConfigurationPlatforms) = preSolution
		Debug|Any CPU = Debug|Any CPU
		Release|Any CPU = Release|Any CPU
	EndGlobalSection
	GlobalSection(ProjectConfigurationPlatforms) = postSolution
		{761B56FA-0865-473A-80BA-2055BEADC95C}.Debug|Any CPU.ActiveCfg = Debug|Any CPU
		{761B56FA-0865-473A-80BA-2055BEADC95C}.Debug|Any CPU.Build.0 = Debug|Any CPU
		{761B56FA-0865-473A-80BA-2055BEADC95C}.Release|Any CPU.ActiveCfg = Release|Any CPU
		{761B56FA-0865-473A-80BA-2055BEADC95C}.Release|Any CPU.Build.0 = Release|Any CPU
	EndGlobalSection
	GlobalSection(SolutionProperties) = preSolution
		HideSolutionNode = FALSE
	EndGlobalSection
	GlobalSection(ExtensibilityGlobals) = postSolution
		SolutionGuid = {02BE37C2-7BA6-4683-AB95-474C6AEF83C5}
	EndGlobalSection
EndGlobal
